// !$*UTF8*$!
{
	archiveVersion = 1;
	classes = {
	};
	objectVersion = 56;
	objects = {

/* Begin PBXBuildFile section */
		AA0000010000000000000001 /* NewPiApp.swift in Sources */ = {isa = PBXBuildFile; fileRef = BB0000010000000000000001 /* NewPiApp.swift */; };
		AA0000020000000000000001 /* NewPiViewModel.swift in Sources */ = {isa = PBXBuildFile; fileRef = BB0000020000000000000001 /* NewPiViewModel.swift */; };
		AA0000030000000000000001 /* NewPiSettingsView.swift in Sources */ = {isa = PBXBuildFile; fileRef = BB0000030000000000000001 /* NewPiSettingsView.swift */; };
		AA0000050000000000000001 /* NewPiToolApprovalSheet.swift in Sources */ = {isa = PBXBuildFile; fileRef = BB0000050000000000000001 /* NewPiToolApprovalSheet.swift */; };
		AA0000060000000000000001 /* NewPiMarkdownText.swift in Sources */ = {isa = PBXBuildFile; fileRef = BB0000060000000000000001 /* NewPiMarkdownText.swift */; };
		AA0000070000000000000001 /* NewPiLogStore.swift in Sources */ = {isa = PBXBuildFile; fileRef = BB0000070000000000000001 /* NewPiLogStore.swift */; };
		AA0000080000000000000001 /* NewPiLogsView.swift in Sources */ = {isa = PBXBuildFile; fileRef = BB0000080000000000000001 /* NewPiLogsView.swift */; };
		AA0000090000000000000001 /* NewPiMCPSettingsView.swift in Sources */ = {isa = PBXBuildFile; fileRef = BB0000090000000000000001 /* NewPiMCPSettingsView.swift */; };
		AA00000A0000000000000001 /* NewPiMarkdownWebRenderer.swift in Sources */ = {isa = PBXBuildFile; fileRef = BB00000A0000000000000001 /* NewPiMarkdownWebRenderer.swift */; };
		AA00000B0000000000000001 /* MarkdownRenderer in Resources */ = {isa = PBXBuildFile; fileRef = BB00000B0000000000000001 /* MarkdownRenderer */; };
		AA00000C0000000000000001 /* Assets.xcassets in Resources */ = {isa = PBXBuildFile; fileRef = BB00000C0000000000000001 /* Assets.xcassets */; };
		AA00000D0000000000000001 /* AppIcon.icns in Resources */ = {isa = PBXBuildFile; fileRef = BB00000D0000000000000001 /* AppIcon.icns */; };
		AA0000040000000000000001 /* NewPiCore in Frameworks */ = {isa = PBXBuildFile; productRef = CC0000010000000000000001 /* NewPiCore */; };
/* End PBXBuildFile section */

/* Begin PBXFileReference section */
		BB0000010000000000000001 /* NewPiApp.swift */ = {isa = PBXFileReference; lastKnownFileType = sourcecode.swift; path = NewPiApp.swift; sourceTree = "<group>"; };
		BB0000020000000000000001 /* NewPiViewModel.swift */ = {isa = PBXFileReference; lastKnownFileType = sourcecode.swift; path = NewPiViewModel.swift; sourceTree = "<group>"; };
		BB0000030000000000000001 /* NewPiSettingsView.swift */ = {isa = PBXFileReference; lastKnownFileType = sourcecode.swift; path = NewPiSettingsView.swift; sourceTree = "<group>"; };
		BB0000050000000000000001 /* NewPiToolApprovalSheet.swift */ = {isa = PBXFileReference; lastKnownFileType = sourcecode.swift; path = NewPiToolApprovalSheet.swift; sourceTree = "<group>"; };
		BB0000060000000000000001 /* NewPiMarkdownText.swift */ = {isa = PBXFileReference; lastKnownFileType = sourcecode.swift; path = NewPiMarkdownText.swift; sourceTree = "<group>"; };
		BB0000070000000000000001 /* NewPiLogStore.swift */ = {isa = PBXFileReference; lastKnownFileType = sourcecode.swift; path = NewPiLogStore.swift; sourceTree = "<group>"; };
		BB0000080000000000000001 /* NewPiLogsView.swift */ = {isa = PBXFileReference; lastKnownFileType = sourcecode.swift; path = NewPiLogsView.swift; sourceTree = "<group>"; };
		BB0000090000000000000001 /* NewPiMCPSettingsView.swift */ = {isa = PBXFileReference; lastKnownFileType = sourcecode.swift; path = NewPiMCPSettingsView.swift; sourceTree = "<group>"; };
		BB00000A0000000000000001 /* NewPiMarkdownWebRenderer.swift */ = {isa = PBXFileReference; lastKnownFileType = sourcecode.swift; path = NewPiMarkdownWebRenderer.swift; sourceTree = "<group>"; };
		BB00000B0000000000000001 /* MarkdownRenderer */ = {isa = PBXFileReference; lastKnownFileType = folder; path = MarkdownRenderer; sourceTree = "<group>"; };
		BB00000C0000000000000001 /* Assets.xcassets */ = {isa = PBXFileReference; lastKnownFileType = folder.assetcatalog; path = Assets.xcassets; sourceTree = "<group>"; };
		BB00000D0000000000000001 /* AppIcon.icns */ = {isa = PBXFileReference; lastKnownFileType = image.icns; path = AppIcon.icns; sourceTree = "<group>"; };
		BB00000E0000000000000001 /* Info.plist */ = {isa = PBXFileReference; lastKnownFileType = text.plist.xml; path = Info.plist; sourceTree = "<group>"; };
		BB00000F0000000000000001 /* AppIcon.iconset */ = {isa = PBXFileReference; lastKnownFileType = folder.iconset; path = AppIcon.iconset; sourceTree = "<group>"; };
		BB0000040000000000000001 /* NewPi.app */ = {isa = PBXFileReference; explicitFileType = wrapper.application; includeInIndex = 0; path = NewPi.app; sourceTree = BUILT_PRODUCTS_DIR; };
/* End PBXFileReference section */

/* Begin PBXFrameworksBuildPhase section */
		DD0000010000000000000001 /* Frameworks */ = {
			isa = PBXFrameworksBuildPhase;
			buildActionMask = 2147483647;
			files = (
				AA0000040000000000000001 /* NewPiCore in Frameworks */,
			);
			runOnlyForDeploymentPostprocessing = 0;
		};
/* End PBXFrameworksBuildPhase section */

/* Begin PBXGroup section */
		EE0000010000000000000001 = {
			isa = PBXGroup;
			children = (
				EE0000020000000000000001 /* NewPiApp */,
				EE0000030000000000000001 /* Products */,
			);
			sourceTree = "<group>";
		};
		EE0000020000000000000001 /* NewPiApp */ = {
			isa = PBXGroup;
			children = (
				BB0000010000000000000001 /* NewPiApp.swift */,
				BB0000020000000000000001 /* NewPiViewModel.swift */,
				BB0000030000000000000001 /* NewPiSettingsView.swift */,
				BB0000050000000000000001 /* NewPiToolApprovalSheet.swift */,
				BB0000060000000000000001 /* NewPiMarkdownText.swift */,
				BB00000A0000000000000001 /* NewPiMarkdownWebRenderer.swift */,
				BB0000070000000000000001 /* NewPiLogStore.swift */,
				BB0000080000000000000001 /* NewPiLogsView.swift */,
				BB0000090000000000000001 /* NewPiMCPSettingsView.swift */,
				BB00000B0000000000000001 /* MarkdownRenderer */,
				BB00000C0000000000000001 /* Assets.xcassets */,
				BB00000D0000000000000001 /* AppIcon.icns */,
				BB00000E0000000000000001 /* Info.plist */,
				BB00000F0000000000000001 /* AppIcon.iconset */,
			);
			path = NewPiApp;
			sourceTree = "<group>";
		};
		EE0000030000000000000001 /* Products */ = {
			isa = PBXGroup;
			children = (
				BB0000040000000000000001 /* NewPi.app */,
			);
			name = Products;
			sourceTree = "<group>";
		};
/* End PBXGroup section */

/* Begin PBXNativeTarget section */
		FF0000010000000000000001 /* NewPi */ = {
			isa = PBXNativeTarget;
			buildConfigurationList = FF0000020000000000000001 /* Build configuration list for PBXNativeTarget "NewPi" */;
			buildPhases = (
				DD0000020000000000000001 /* Sources */,
				DD0000010000000000000001 /* Frameworks */,
				DD0000030000000000000001 /* Resources */,
			);
			buildRules = (
			);
			dependencies = (
			);
			name = NewPi;
			packageProductDependencies = (
				CC0000010000000000000001 /* NewPiCore */,
			);
			productName = NewPi;
			productReference = BB0000040000000000000001 /* NewPi.app */;
			productType = "com.apple.product-type.application";
		};
/* End PBXNativeTarget section */

/* Begin PBXProject section */
		FF0000030000000000000001 /* Project object */ = {
			isa = PBXProject;
			attributes = {
				BuildIndependentTargetsInParallel = 1;
				LastSwiftUpdateCheck = 1630;
				LastUpgradeCheck = 1630;
				TargetAttributes = {
					FF0000010000000000000001 = {
						CreatedOnToolsVersion = 16.3;
					};
				};
			};
			buildConfigurationList = FF0000040000000000000001 /* Build configuration list for PBXProject "NewPi" */;
			compatibilityVersion = "Xcode 14.0";
			developmentRegion = en;
			hasScannedForEncodings = 0;
			knownRegions = (
				en,
				Base,
			);
			mainGroup = EE0000010000000000000001;
			packageReferences = (
				FF0000050000000000000001 /* XCLocalSwiftPackageReference "NewPiCore" */,
			);
			productRefGroup = EE0000030000000000000001 /* Products */;
			projectDirPath = "";
			projectRoot = "";
			targets = (
				FF0000010000000000000001 /* NewPi */,
			);
		};
/* End PBXProject section */

/* Begin PBXResourcesBuildPhase section */
		DD0000030000000000000001 /* Resources */ = {
			isa = PBXResourcesBuildPhase;
			buildActionMask = 2147483647;
			files = (
				AA00000B0000000000000001 /* MarkdownRenderer in Resources */,
				AA00000C0000000000000001 /* Assets.xcassets in Resources */,
				AA00000D0000000000000001 /* AppIcon.icns in Resources */,
			);
			runOnlyForDeploymentPostprocessing = 0;
		};
/* End PBXResourcesBuildPhase section */

/* Begin PBXSourcesBuildPhase section */
		DD0000020000000000000001 /* Sources */ = {
			isa = PBXSourcesBuildPhase;
			buildActionMask = 2147483647;
			files = (
				AA0000010000000000000001 /* NewPiApp.swift in Sources */,
				AA0000020000000000000001 /* NewPiViewModel.swift in Sources */,
				AA0000030000000000000001 /* NewPiSettingsView.swift in Sources */,
				AA0000050000000000000001 /* NewPiToolApprovalSheet.swift in Sources */,
				AA0000060000000000000001 /* NewPiMarkdownText.swift in Sources */,
				AA00000A0000000000000001 /* NewPiMarkdownWebRenderer.swift in Sources */,
				AA0000070000000000000001 /* NewPiLogStore.swift in Sources */,
				AA0000080000000000000001 /* NewPiLogsView.swift in Sources */,
				AA0000090000000000000001 /* NewPiMCPSettingsView.swift in Sources */,
			);
			runOnlyForDeploymentPostprocessing = 0;
		};
/* End PBXSourcesBuildPhase section */

/* Begin XCBuildConfiguration section */
		110000010000000000000001 /* Debug */ = {
			isa = XCBuildConfiguration;
			buildSettings = {
				ALWAYS_SEARCH_USER_PATHS = NO;
				ASSETCATALOG_COMPILER_GENERATE_SWIFT_ASSET_SYMBOL_EXTENSIONS = YES;
				CLANG_ENABLE_MODULES = YES;
				CLANG_ENABLE_OBJC_ARC = YES;
				COPY_PHASE_STRIP = NO;
				DEBUG_INFORMATION_FORMAT = dwarf;
				ENABLE_STRICT_OBJC_MSGSEND = YES;
				ENABLE_TESTABILITY = YES;
				GCC_DYNAMIC_NO_PIC = NO;
				GCC_OPTIMIZATION_LEVEL = 0;
				GCC_PREPROCESSOR_DEFINITIONS = (
					"DEBUG=1",
					"$(inherited)",
				);
				MACOSX_DEPLOYMENT_TARGET = 15.0;
				MTL_ENABLE_DEBUG_INFO = INCLUDE_SOURCE;
				ONLY_ACTIVE_ARCH = YES;
				SDKROOT = macosx;
				SWIFT_ACTIVE_COMPILATION_CONDITIONS = "DEBUG $(inherited)";
				SWIFT_OPTIMIZATION_LEVEL = "-Onone";
			};
			name = Debug;
		};
		110000020000000000000001 /* Release */ = {
			isa = XCBuildConfiguration;
			buildSettings = {
				ALWAYS_SEARCH_USER_PATHS = NO;
				ASSETCATALOG_COMPILER_GENERATE_SWIFT_ASSET_SYMBOL_EXTENSIONS = YES;
				CLANG_ENABLE_MODULES = YES;
				CLANG_ENABLE_OBJC_ARC = YES;
				COPY_PHASE_STRIP = NO;
				DEBUG_INFORMATION_FORMAT = "dwarf-with-dsym";
				ENABLE_NS_ASSERTIONS = NO;
				ENABLE_STRICT_OBJC_MSGSEND = YES;
				MACOSX_DEPLOYMENT_TARGET = 15.0;
				MTL_ENABLE_DEBUG_INFO = NO;
				SDKROOT = macosx;
				SWIFT_COMPILATION_MODE = wholemodule;
			};
			name = Release;
		};
		110000030000000000000001 /* Debug */ = {
			isa = XCBuildConfiguration;
			buildSettings = {
				CODE_SIGN_STYLE = Automatic;
				COMBINE_HIDPI_IMAGES = YES;
				CURRENT_PROJECT_VERSION = 1;
				DEVELOPMENT_TEAM = "";
				ENABLE_APP_SANDBOX = NO;
				INFOPLIST_FILE = NewPiApp/Info.plist;
				LD_RUNPATH_SEARCH_PATHS = (
					"$(inherited)",
					"@executable_path/../Frameworks",
				);
				MARKETING_VERSION = 0.1.0;
				PRODUCT_BUNDLE_IDENTIFIER = com.newpi.app;
				PRODUCT_NAME = "$(TARGET_NAME)";
				SWIFT_EMIT_LOC_STRINGS = YES;
				SWIFT_STRICT_CONCURRENCY = complete;
				SWIFT_VERSION = 6.0;
			};
			name = Debug;
		};
		110000040000000000000001 /* Release */ = {
			isa = XCBuildConfiguration;
			buildSettings = {
				CODE_SIGN_STYLE = Automatic;
				COMBINE_HIDPI_IMAGES = YES;
				CURRENT_PROJECT_VERSION = 1;
				DEVELOPMENT_TEAM = "";
				ENABLE_APP_SANDBOX = NO;
				INFOPLIST_FILE = NewPiApp/Info.plist;
				LD_RUNPATH_SEARCH_PATHS = (
					"$(inherited)",
					"@executable_path/../Frameworks",
				);
				MARKETING_VERSION = 0.1.0;
				PRODUCT_BUNDLE_IDENTIFIER = com.newpi.app;
				PRODUCT_NAME = "$(TARGET_NAME)";
				SWIFT_EMIT_LOC_STRINGS = YES;
				SWIFT_STRICT_CONCURRENCY = complete;
				SWIFT_VERSION = 6.0;
			};
			name = Release;
		};
/* End XCBuildConfiguration section */

/* Begin XCConfigurationList section */
		FF0000020000000000000001 /* Build configuration list for PBXNativeTarget "NewPi" */ = {
			isa = XCConfigurationList;
			buildConfigurations = (
				110000030000000000000001 /* Debug */,
				110000040000000000000001 /* Release */,
			);
			defaultConfigurationIsVisible = 0;
			defaultConfigurationName = Release;
		};
		FF0000040000000000000001 /* Build configuration list for PBXProject "NewPi" */ = {
			isa = XCConfigurationList;
			buildConfigurations = (
				110000010000000000000001 /* Debug */,
				110000020000000000000001 /* Release */,
			);
			defaultConfigurationIsVisible = 0;
			defaultConfigurationName = Release;
		};
/* End XCConfigurationList section */

/* Begin XCLocalSwiftPackageReference section */
		FF0000050000000000000001 /* XCLocalSwiftPackageReference "NewPiCore" */ = {
			isa = XCLocalSwiftPackageReference;
			relativePath = Packages/NewPiCore;
		};
/* End XCLocalSwiftPackageReference section */

/* Begin XCSwiftPackageProductDependency section */
		CC0000010000000000000001 /* NewPiCore */ = {
			isa = XCSwiftPackageProductDependency;
			package = FF0000050000000000000001 /* XCLocalSwiftPackageReference "NewPiCore" */;
			productName = NewPiCore;
		};
/* End XCSwiftPackageProductDependency section */
	};
	rootObject = FF0000030000000000000001 /* Project object */;
}
